
Microsoft Visual Studio Solution File, Format Version 12.00
# Visual Studio Version 17
VisualStudioVersion = 17.2.32526.322
MinimumVisualStudioVersion = 10.0.40219.1
Project("{FAE04EC0-301F-11D3-BF4B-00C04F79EFBC}") = "Blazor Control Work", "Blazor Control Work\Blazor Control Work.csproj", "{7788020E-FFEC-4BE7-A9E1-7D78A733382B}"
EndProject
Global
	GlobalSection(SolutionConfigurationPlatforms) = preSolution
		Debug|Any CPU = Debug|Any CPU
		Release|Any CPU = Release|Any CPU
	EndGlobalSection
	GlobalSection(ProjectConfigurationPlatforms) = postSolution
		{7788020E-FFEC-4BE7-A9E1-7D78A733382B}.Debug|Any CPU.ActiveCfg = Debug|Any CPU
		{7788020E-FFEC-4BE7-A9E1-7D78A733382B}.Debug|Any CPU.Build.0 = Debug|Any CPU
		{7788020E-FFEC-4BE7-A9E1-7D78A733382B}.Release|Any CPU.ActiveCfg = Release|Any CPU
		{7788020E-FFEC-4BE7-A9E1-7D78A733382B}.Release|Any CPU.Build.0 = Release|Any CPU
	EndGlobalSection
	GlobalSection(SolutionProperties) = preSolution
		HideSolutionNode = FALSE
	EndGlobalSection
	GlobalSection(ExtensibilityGlobals) = postSolution
		SolutionGuid = {7136BFE6-1DBA-4616-AF7C-9CEF5E068611}
	EndGlobalSection
EndGlobal
